// !$*UTF8*$!
{
	archiveVersion = 1;
	classes = {
	};
	objectVersion = 50;
	objects = {

/* Begin PBXBuildFile section */
		4441CA02251A3CD30086FBAE /* AppDelegate.swift in Sources */ = {isa = PBXBuildFile; fileRef = 4441CA01251A3CD30086FBAE /* AppDelegate.swift */; };
		4441CA04251A3CD30086FBAE /* SceneDelegate.swift in Sources */ = {isa = PBXBuildFile; fileRef = 4441CA03251A3CD30086FBAE /* SceneDelegate.swift */; };
		4441CA06251A3CD30086FBAE /* ViewController.swift in Sources */ = {isa = PBXBuildFile; fileRef = 4441CA05251A3CD30086FBAE /* ViewController.swift */; };
		4441CA0B251A3CE60086FBAE /* Assets.xcassets in Resources */ = {isa = PBXBuildFile; fileRef = 4441CA0A251A3CE60086FBAE /* Assets.xcassets */; };
		4441CA0E251A3CE60086FBAE /* LaunchScreen.storyboard in Resources */ = {isa = PBXBuildFile; fileRef = 4441CA0C251A3CE60086FBAE /* LaunchScreen.storyboard */; };
		4441CA19251A42150086FBAE /* LoginView.swift in Sources */ = {isa = PBXBuildFile; fileRef = 4441CA18251A42150086FBAE /* LoginView.swift */; };
/* End PBXBuildFile section */

/* Begin PBXFileReference section */
		4441C9FE251A3CD30086FBAE /* VC_new.app */ = {isa = PBXFileReference; explicitFileType = wrapper.application; includeInIndex = 0; path = VC_new.app; sourceTree = BUILT_PRODUCTS_DIR; };
		4441CA01251A3CD30086FBAE /* AppDelegate.swift */ = {isa = PBXFileReference; lastKnownFileType = sourcecode.swift; path = AppDelegate.swift; sourceTree = "<group>"; };
		4441CA03251A3CD30086FBAE /* SceneDelegate.swift */ = {isa = PBXFileReference; lastKnownFileType = sourcecode.swift; path = SceneDelegate.swift; sourceTree = "<group>"; };
		4441CA05251A3CD30086FBAE /* ViewController.swift */ = {isa = PBXFileReference; lastKnownFileType = sourcecode.swift; path = ViewController.swift; sourceTree = "<group>"; };
		4441CA0A251A3CE60086FBAE /* Assets.xcassets */ = {isa = PBXFileReference; lastKnownFileType = folder.assetcatalog; path = Assets.xcassets; sourceTree = "<group>"; };
		4441CA0D251A3CE60086FBAE /* Base */ = {isa = PBXFileReference; lastKnownFileType = file.storyboard; name = Base; path = Base.lproj/LaunchScreen.storyboard; sourceTree = "<group>"; };
		4441CA0F251A3CE60086FBAE /* Info.plist */ = {isa = PBXFileReference; lastKnownFileType = text.plist.xml; path = Info.plist; sourceTree = "<group>"; };
		4441CA18251A42150086FBAE /* LoginView.swift */ = {isa = PBXFileReference; lastKnownFileType = sourcecode.swift; path = LoginView.swift; sourceTree = "<group>"; };
/* End PBXFileReference section */

/* Begin PBXFrameworksBuildPhase section */
		4441C9FB251A3CD30086FBAE /* Frameworks */ = {
			isa = PBXFrameworksBuildPhase;
			buildActionMask = 2147483647;
			files = (
			);
			runOnlyForDeploymentPostprocessing = 0;
		};
/* End PBXFrameworksBuildPhase section */

/* Begin PBXGroup section */
		4441C9F5251A3CD30086FBAE = {
			isa = PBXGroup;
			children = (
				4441CA00251A3CD30086FBAE /* VC_new */,
				4441C9FF251A3CD30086FBAE /* Products */,
			);
			sourceTree = "<group>";
		};
		4441C9FF251A3CD30086FBAE /* Products */ = {
			isa = PBXGroup;
			children = (
				4441C9FE251A3CD30086FBAE /* VC_new.app */,
			);
			name = Products;
			sourceTree = "<group>";
		};
		4441CA00251A3CD30086FBAE /* VC_new */ = {
			isa = PBXGroup;
			children = (
				4441CA1D251A43EA0086FBAE /* Friends */,
				4441CA01251A3CD30086FBAE /* AppDelegate.swift */,
				4441CA03251A3CD30086FBAE /* SceneDelegate.swift */,
				4441CA1B251A421C0086FBAE /* LoginForm */,
				4441CA0A251A3CE60086FBAE /* Assets.xcassets */,
				4441CA0C251A3CE60086FBAE /* LaunchScreen.storyboard */,
				4441CA0F251A3CE60086FBAE /* Info.plist */,
			);
			path = VC_new;
			sourceTree = "<group>";
		};
		4441CA1B251A421C0086FBAE /* LoginForm */ = {
			isa = PBXGroup;
			children = (
				4441CA05251A3CD30086FBAE /* ViewController.swift */,
				4441CA18251A42150086FBAE /* LoginView.swift */,
			);
			path = LoginForm;
			sourceTree = "<group>";
		};
		4441CA1D251A43EA0086FBAE /* Friends */ = {
			isa = PBXGroup;
			children = (
			);
			path = Friends;
			sourceTree = "<group>";
		};
/* End PBXGroup section */

/* Begin PBXNativeTarget section */
		4441C9FD251A3CD30086FBAE /* VC_new */ = {
			isa = PBXNativeTarget;
			buildConfigurationList = 4441CA12251A3CE60086FBAE /* Build configuration list for PBXNativeTarget "VC_new" */;
			buildPhases = (
				4441C9FA251A3CD30086FBAE /* Sources */,
				4441C9FB251A3CD30086FBAE /* Frameworks */,
				4441C9FC251A3CD30086FBAE /* Resources */,
			);
			buildRules = (
			);
			dependencies = (
			);
			name = VC_new;
			productName = VC_new;
			productReference = 4441C9FE251A3CD30086FBAE /* VC_new.app */;
			productType = "com.apple.product-type.application";
		};
/* End PBXNativeTarget section */

/* Begin PBXProject section */
		4441C9F6251A3CD30086FBAE /* Project object */ = {
			isa = PBXProject;
			attributes = {
				LastSwiftUpdateCheck = 1200;
				LastUpgradeCheck = 1200;
				TargetAttributes = {
					4441C9FD251A3CD30086FBAE = {
						CreatedOnToolsVersion = 12.0;
					};
				};
			};
			buildConfigurationList = 4441C9F9251A3CD30086FBAE /* Build configuration list for PBXProject "VC_new" */;
			compatibilityVersion = "Xcode 9.3";
			developmentRegion = en;
			hasScannedForEncodings = 0;
			knownRegions = (
				en,
				Base,
			);
			mainGroup = 4441C9F5251A3CD30086FBAE;
			productRefGroup = 4441C9FF251A3CD30086FBAE /* Products */;
			projectDirPath = "";
			projectRoot = "";
			targets = (
				4441C9FD251A3CD30086FBAE /* VC_new */,
			);
		};
/* End PBXProject section */

/* Begin PBXResourcesBuildPhase section */
		4441C9FC251A3CD30086FBAE /* Resources */ = {
			isa = PBXResourcesBuildPhase;
			buildActionMask = 2147483647;
			files = (
				4441CA0E251A3CE60086FBAE /* LaunchScreen.storyboard in Resources */,
				4441CA0B251A3CE60086FBAE /* Assets.xcassets in Resources */,
			);
			runOnlyForDeploymentPostprocessing = 0;
		};
/* End PBXResourcesBuildPhase section */

/* Begin PBXSourcesBuildPhase section */
		4441C9FA251A3CD30086FBAE /* Sources */ = {
			isa = PBXSourcesBuildPhase;
			buildActionMask = 2147483647;
			files = (
				4441CA06251A3CD30086FBAE /* ViewController.swift in Sources */,
				4441CA02251A3CD30086FBAE /* AppDelegate.swift in Sources */,
				4441CA19251A42150086FBAE /* LoginView.swift in Sources */,
				4441CA04251A3CD30086FBAE /* SceneDelegate.swift in Sources */,
			);
			runOnlyForDeploymentPostprocessing = 0;
		};
/* End PBXSourcesBuildPhase section */

/* Begin PBXVariantGroup section */
		4441CA0C251A3CE60086FBAE /* LaunchScreen.storyboard */ = {
			isa = PBXVariantGroup;
			children = (
				4441CA0D251A3CE60086FBAE /* Base */,
			);
			name = LaunchScreen.storyboard;
			sourceTree = "<group>";
		};
/* End PBXVariantGroup section */

/* Begin XCBuildConfiguration section */
		4441CA10251A3CE60086FBAE /* Debug */ = {
			isa = XCBuildConfiguration;
			buildSettings = {
				ALWAYS_SEARCH_USER_PATHS = NO;
				CLANG_ANALYZER_NONNULL = YES;
				CLANG_ANALYZER_NUMBER_OBJECT_CONVERSION = YES_AGGRESSIVE;
				CLANG_CXX_LANGUAGE_STANDARD = "gnu++14";
				CLANG_CXX_LIBRARY = "libc++";
				CLANG_ENABLE_MODULES = YES;
				CLANG_ENABLE_OBJC_ARC = YES;
				CLANG_ENABLE_OBJC_WEAK = YES;
				CLANG_WARN_BLOCK_CAPTURE_AUTORELEASING = YES;
				CLANG_WARN_BOOL_CONVERSION = YES;
				CLANG_WARN_COMMA = YES;
				CLANG_WARN_CONSTANT_CONVERSION = YES;
				CLANG_WARN_DEPRECATED_OBJC_IMPLEMENTATIONS = YES;
				CLANG_WARN_DIRECT_OBJC_ISA_USAGE = YES_ERROR;
				CLANG_WARN_DOCUMENTATION_COMMENTS = YES;
				CLANG_WARN_EMPTY_BODY = YES;
				CLANG_WARN_ENUM_CONVERSION = YES;
				CLANG_WARN_INFINITE_RECURSION = YES;
				CLANG_WARN_INT_CONVERSION = YES;
				CLANG_WARN_NON_LITERAL_NULL_CONVERSION = YES;
				CLANG_WARN_OBJC_IMPLICIT_RETAIN_SELF = YES;
				CLANG_WARN_OBJC_LITERAL_CONVERSION = YES;
				CLANG_WARN_OBJC_ROOT_CLASS = YES_ERROR;
				CLANG_WARN_QUOTED_INCLUDE_IN_FRAMEWORK_HEADER = YES;
				CLANG_WARN_RANGE_LOOP_ANALYSIS = YES;
				CLANG_WARN_STRICT_PROTOTYPES = YES;
				CLANG_WARN_SUSPICIOUS_MOVE = YES;
				CLANG_WARN_UNGUARDED_AVAILABILITY = YES_AGGRESSIVE;
				CLANG_WARN_UNREACHABLE_CODE = YES;
				CLANG_WARN__DUPLICATE_METHOD_MATCH = YES;
				COPY_PHASE_STRIP = NO;
				DEBUG_INFORMATION_FORMAT = dwarf;
				ENABLE_STRICT_OBJC_MSGSEND = YES;
				ENABLE_TESTABILITY = YES;
				GCC_C_LANGUAGE_STANDARD = gnu11;
				GCC_DYNAMIC_NO_PIC = NO;
				GCC_NO_COMMON_BLOCKS = YES;
				GCC_OPTIMIZATION_LEVEL = 0;
				GCC_PREPROCESSOR_DEFINITIONS = (
					"DEBUG=1",
					"$(inherited)",
				);
				GCC_WARN_64_TO_32_BIT_CONVERSION = YES;
				GCC_WARN_ABOUT_RETURN_TYPE = YES_ERROR;
				GCC_WARN_UNDECLARED_SELECTOR = YES;
				GCC_WARN_UNINITIALIZED_AUTOS = YES_AGGRESSIVE;
				GCC_WARN_UNUSED_FUNCTION = YES;
				GCC_WARN_UNUSED_VARIABLE = YES;
				IPHONEOS_DEPLOYMENT_TARGET = 14.0;
				MTL_ENABLE_DEBUG_INFO = INCLUDE_SOURCE;
				MTL_FAST_MATH = YES;
				ONLY_ACTIVE_ARCH = YES;
				SDKROOT = iphoneos;
				SWIFT_ACTIVE_COMPILATION_CONDITIONS = DEBUG;
				SWIFT_OPTIMIZATION_LEVEL = "-Onone";
			};
			name = Debug;
		};
		4441CA11251A3CE60086FBAE /* Release */ = {
			isa = XCBuildConfiguration;
			buildSettings = {
				ALWAYS_SEARCH_USER_PATHS = NO;
				CLANG_ANALYZER_NONNULL = YES;
				CLANG_ANALYZER_NUMBER_OBJECT_CONVERSION = YES_AGGRESSIVE;
				CLANG_CXX_LANGUAGE_STANDARD = "gnu++14";
				CLANG_CXX_LIBRARY = "libc++";
				CLANG_ENABLE_MODULES = YES;
				CLANG_ENABLE_OBJC_ARC = YES;
				CLANG_ENABLE_OBJC_WEAK = YES;
				CLANG_WARN_BLOCK_CAPTURE_AUTORELEASING = YES;
				CLANG_WARN_BOOL_CONVERSION = YES;
				CLANG_WARN_COMMA = YES;
				CLANG_WARN_CONSTANT_CONVERSION = YES;
				CLANG_WARN_DEPRECATED_OBJC_IMPLEMENTATIONS = YES;
				CLANG_WARN_DIRECT_OBJC_ISA_USAGE = YES_ERROR;
				CLANG_WARN_DOCUMENTATION_COMMENTS = YES;
				CLANG_WARN_EMPTY_BODY = YES;
				CLANG_WARN_ENUM_CONVERSION = YES;
				CLANG_WARN_INFINITE_RECURSION = YES;
				CLANG_WARN_INT_CONVERSION = YES;
				CLANG_WARN_NON_LITERAL_NULL_CONVERSION = YES;
				CLANG_WARN_OBJC_IMPLICIT_RETAIN_SELF = YES;
				CLANG_WARN_OBJC_LITERAL_CONVERSION = YES;
				CLANG_WARN_OBJC_ROOT_CLASS = YES_ERROR;
				CLANG_WARN_QUOTED_INCLUDE_IN_FRAMEWORK_HEADER = YES;
				CLANG_WARN_RANGE_LOOP_ANALYSIS = YES;
				CLANG_WARN_STRICT_PROTOTYPES = YES;
				CLANG_WARN_SUSPICIOUS_MOVE = YES;
				CLANG_WARN_UNGUARDED_AVAILABILITY = YES_AGGRESSIVE;
				CLANG_WARN_UNREACHABLE_CODE = YES;
				CLANG_WARN__DUPLICATE_METHOD_MATCH = YES;
				COPY_PHASE_STRIP = NO;
				DEBUG_INFORMATION_FORMAT = "dwarf-with-dsym";
				ENABLE_NS_ASSERTIONS = NO;
				ENABLE_STRICT_OBJC_MSGSEND = YES;
				GCC_C_LANGUAGE_STANDARD = gnu11;
				GCC_NO_COMMON_BLOCKS = YES;
				GCC_WARN_64_TO_32_BIT_CONVERSION = YES;
				GCC_WARN_ABOUT_RETURN_TYPE = YES_ERROR;
				GCC_WARN_UNDECLARED_SELECTOR = YES;
				GCC_WARN_UNINITIALIZED_AUTOS = YES_AGGRESSIVE;
				GCC_WARN_UNUSED_FUNCTION = YES;
				GCC_WARN_UNUSED_VARIABLE = YES;
				IPHONEOS_DEPLOYMENT_TARGET = 14.0;
				MTL_ENABLE_DEBUG_INFO = NO;
				MTL_FAST_MATH = YES;
				SDKROOT = iphoneos;
				SWIFT_COMPILATION_MODE = wholemodule;
				SWIFT_OPTIMIZATION_LEVEL = "-O";
				VALIDATE_PRODUCT = YES;
			};
			name = Release;
		};
		4441CA13251A3CE60086FBAE /* Debug */ = {
			isa = XCBuildConfiguration;
			buildSettings = {
				ASSETCATALOG_COMPILER_APPICON_NAME = AppIcon;
				ASSETCATALOG_COMPILER_GLOBAL_ACCENT_COLOR_NAME = AccentColor;
				CODE_SIGN_STYLE = Automatic;
				INFOPLIST_FILE = VC_new/Info.plist;
				LD_RUNPATH_SEARCH_PATHS = (
					"$(inherited)",
					"@executable_path/Frameworks",
				);
				PRODUCT_BUNDLE_IDENTIFIER = "my.VC-new";
				PRODUCT_NAME = "$(TARGET_NAME)";
				SWIFT_VERSION = 5.0;
				TARGETED_DEVICE_FAMILY = "1,2";
			};
			name = Debug;
		};
		4441CA14251A3CE60086FBAE /* Release */ = {
			isa = XCBuildConfiguration;
			buildSettings = {
				ASSETCATALOG_COMPILER_APPICON_NAME = AppIcon;
				ASSETCATALOG_COMPILER_GLOBAL_ACCENT_COLOR_NAME = AccentColor;
				CODE_SIGN_STYLE = Automatic;
				INFOPLIST_FILE = VC_new/Info.plist;
				LD_RUNPATH_SEARCH_PATHS = (
					"$(inherited)",
					"@executable_path/Frameworks",
				);
				PRODUCT_BUNDLE_IDENTIFIER = "my.VC-new";
				PRODUCT_NAME = "$(TARGET_NAME)";
				SWIFT_VERSION = 5.0;
				TARGETED_DEVICE_FAMILY = "1,2";
			};
			name = Release;
		};
/* End XCBuildConfiguration section */

/* Begin XCConfigurationList section */
		4441C9F9251A3CD30086FBAE /* Build configuration list for PBXProject "VC_new" */ = {
			isa = XCConfigurationList;
			buildConfigurations = (
				4441CA10251A3CE60086FBAE /* Debug */,
				4441CA11251A3CE60086FBAE /* Release */,
			);
			defaultConfigurationIsVisible = 0;
			defaultConfigurationName = Release;
		};
		4441CA12251A3CE60086FBAE /* Build configuration list for PBXNativeTarget "VC_new" */ = {
			isa = XCConfigurationList;
			buildConfigurations = (
				4441CA13251A3CE60086FBAE /* Debug */,
				4441CA14251A3CE60086FBAE /* Release */,
			);
			defaultConfigurationIsVisible = 0;
			defaultConfigurationName = Release;
		};
/* End XCConfigurationList section */
	};
	rootObject = 4441C9F6251A3CD30086FBAE /* Project object */;
}
